
Microsoft Visual Studio Solution File, Format Version 12.00
# Visual Studio Version 17
VisualStudioVersion = 17.12.35506.116 d17.12
MinimumVisualStudioVersion = 10.0.40219.1
Project("{FAE04EC0-301F-11D3-BF4B-00C04F79EFBC}") = "ShopifyMate", "ShopifyMate\ShopifyMate.csproj", "{0F395FF2-AE48-4C52-A0E6-DF0E2742896B}"
EndProject
Global
	GlobalSection(SolutionConfigurationPlatforms) = preSolution
		Debug|Any CPU = Debug|Any CPU
		Release|Any CPU = Release|Any CPU
	EndGlobalSection
	GlobalSection(ProjectConfigurationPlatforms) = postSolution
		{0F395FF2-AE48-4C52-A0E6-DF0E2742896B}.Debug|Any CPU.ActiveCfg = Debug|Any CPU
		{0F395FF2-AE48-4C52-A0E6-DF0E2742896B}.Debug|Any CPU.Build.0 = Debug|Any CPU
		{0F395FF2-AE48-4C52-A0E6-DF0E2742896B}.Release|Any CPU.ActiveCfg = Release|Any CPU
		{0F395FF2-AE48-4C52-A0E6-DF0E2742896B}.Release|Any CPU.Build.0 = Release|Any CPU
	EndGlobalSection
	GlobalSection(SolutionProperties) = preSolution
		HideSolutionNode = FALSE
	EndGlobalSection
EndGlobal
